
Microsoft Visual Studio Solution File, Format Version 12.00
# Visual Studio 2013
VisualStudioVersion = 12.0.31101.0
MinimumVisualStudioVersion = 10.0.40219.1
Project("{FAE04EC0-301F-11D3-BF4B-00C04F79EFBC}") = "FrontierVOps.FiOS.NGVODPoster", "FrontierVOps.FiOS.NGVODPoster\FrontierVOps.FiOS.NGVODPoster.csproj", "{15E6FBD0-0BB1-42FF-A538-B74B33D07870}"
EndProject
Project("{FAE04EC0-301F-11D3-BF4B-00C04F79EFBC}") = "FrontierVOps.Common", "..\FrontierVOps.Common\FrontierVOps.Common\FrontierVOps.Common.csproj", "{DD1DBDF9-AF22-47A7-B393-E92FB7ECF518}"
EndProject
Project("{FAE04EC0-301F-11D3-BF4B-00C04F79EFBC}") = "FrontierVOps.Data", "..\FrontierVOps.Data\FrontierVOps.Data\FrontierVOps.Data.csproj", "{2791D577-7FE8-40E6-B10C-3493543542A1}"
EndProject
Project("{FAE04EC0-301F-11D3-BF4B-00C04F79EFBC}") = "FrontierVOps.Data.Objects", "..\FrontierVOps.Data\FrontierVOps.Data.Objects\FrontierVOps.Data.Objects.csproj", "{A15C34D5-112E-4534-82EF-FB5A5C73CF8C}"
EndProject
Project("{FAE04EC0-301F-11D3-BF4B-00C04F79EFBC}") = "FrontierVOps.Config", "..\FrontierVOps.Config\FrontierVOps.Config\FrontierVOps.Config.csproj", "{FB122ED6-5112-4CF0-B287-CB187C451C8B}"
EndProject
Project("{FAE04EC0-301F-11D3-BF4B-00C04F79EFBC}") = "FrontierVOps.Security", "..\FrontierVOps.Security\FrontierVOps.Security.csproj", "{B4F4072E-3EF1-418C-A271-98CF32F04E90}"
EndProject
Global
	GlobalSection(SolutionConfigurationPlatforms) = preSolution
		Debug|Any CPU = Debug|Any CPU
		Release|Any CPU = Release|Any CPU
	EndGlobalSection
	GlobalSection(ProjectConfigurationPlatforms) = postSolution
		{15E6FBD0-0BB1-42FF-A538-B74B33D07870}.Debug|Any CPU.ActiveCfg = Debug|Any CPU
		{15E6FBD0-0BB1-42FF-A538-B74B33D07870}.Debug|Any CPU.Build.0 = Debug|Any CPU
		{15E6FBD0-0BB1-42FF-A538-B74B33D07870}.Release|Any CPU.ActiveCfg = Release|Any CPU
		{15E6FBD0-0BB1-42FF-A538-B74B33D07870}.Release|Any CPU.Build.0 = Release|Any CPU
		{DD1DBDF9-AF22-47A7-B393-E92FB7ECF518}.Debug|Any CPU.ActiveCfg = Debug|Any CPU
		{DD1DBDF9-AF22-47A7-B393-E92FB7ECF518}.Debug|Any CPU.Build.0 = Debug|Any CPU
		{DD1DBDF9-AF22-47A7-B393-E92FB7ECF518}.Release|Any CPU.ActiveCfg = Release|Any CPU
		{DD1DBDF9-AF22-47A7-B393-E92FB7ECF518}.Release|Any CPU.Build.0 = Release|Any CPU
		{2791D577-7FE8-40E6-B10C-3493543542A1}.Debug|Any CPU.ActiveCfg = Debug|Any CPU
		{2791D577-7FE8-40E6-B10C-3493543542A1}.Debug|Any CPU.Build.0 = Debug|Any CPU
		{2791D577-7FE8-40E6-B10C-3493543542A1}.Release|Any CPU.ActiveCfg = Release|Any CPU
		{2791D577-7FE8-40E6-B10C-3493543542A1}.Release|Any CPU.Build.0 = Release|Any CPU
		{A15C34D5-112E-4534-82EF-FB5A5C73CF8C}.Debug|Any CPU.ActiveCfg = Debug|Any CPU
		{A15C34D5-112E-4534-82EF-FB5A5C73CF8C}.Debug|Any CPU.Build.0 = Debug|Any CPU
		{A15C34D5-112E-4534-82EF-FB5A5C73CF8C}.Release|Any CPU.ActiveCfg = Release|Any CPU
		{A15C34D5-112E-4534-82EF-FB5A5C73CF8C}.Release|Any CPU.Build.0 = Release|Any CPU
		{FB122ED6-5112-4CF0-B287-CB187C451C8B}.Debug|Any CPU.ActiveCfg = Debug|Any CPU
		{FB122ED6-5112-4CF0-B287-CB187C451C8B}.Debug|Any CPU.Build.0 = Debug|Any CPU
		{FB122ED6-5112-4CF0-B287-CB187C451C8B}.Release|Any CPU.ActiveCfg = Release|Any CPU
		{FB122ED6-5112-4CF0-B287-CB187C451C8B}.Release|Any CPU.Build.0 = Release|Any CPU
		{B4F4072E-3EF1-418C-A271-98CF32F04E90}.Debug|Any CPU.ActiveCfg = Debug|Any CPU
		{B4F4072E-3EF1-418C-A271-98CF32F04E90}.Debug|Any CPU.Build.0 = Debug|Any CPU
		{B4F4072E-3EF1-418C-A271-98CF32F04E90}.Release|Any CPU.ActiveCfg = Release|Any CPU
		{B4F4072E-3EF1-418C-A271-98CF32F04E90}.Release|Any CPU.Build.0 = Release|Any CPU
	EndGlobalSection
	GlobalSection(SolutionProperties) = preSolution
		HideSolutionNode = FALSE
	EndGlobalSection
EndGlobal
