
Microsoft Visual Studio Solution File, Format Version 12.00
# Visual Studio 2013
VisualStudioVersion = 12.0.31101.0
MinimumVisualStudioVersion = 10.0.40219.1
Project("{FAE04EC0-301F-11D3-BF4B-00C04F79EFBC}") = "FrontierVOps.ChannelMapWS", "FrontierVOps.ChannelMapWS.csproj", "{7DDC402B-E9B3-41F9-9B67-79315D4C3730}"
EndProject
Project("{FAE04EC0-301F-11D3-BF4B-00C04F79EFBC}") = "FrontierVOps.Common", "..\FrontierVOps.Common\FrontierVOps.Common\FrontierVOps.Common.csproj", "{DD1DBDF9-AF22-47A7-B393-E92FB7ECF518}"
EndProject
Project("{FAE04EC0-301F-11D3-BF4B-00C04F79EFBC}") = "FrontierVOps.Common.Web", "..\FrontierVOps.Common\FrontierVOps.Common.Web\FrontierVOps.Common.Web.csproj", "{E3F1FDDC-72A4-46DF-B83C-19871BE6C1A9}"
EndProject
Project("{FAE04EC0-301F-11D3-BF4B-00C04F79EFBC}") = "FrontierVOps.Data", "..\FrontierVOps.Data\FrontierVOps.Data\FrontierVOps.Data.csproj", "{2791D577-7FE8-40E6-B10C-3493543542A1}"
EndProject
Project("{FAE04EC0-301F-11D3-BF4B-00C04F79EFBC}") = "FrontierVOps.Security", "..\FrontierVOps.Data\FrontierVOps.Security\FrontierVOps.Security.csproj", "{B4F4072E-3EF1-418C-A271-98CF32F04E90}"
EndProject
Project("{FAE04EC0-301F-11D3-BF4B-00C04F79EFBC}") = "FrontierVOps.Data.Objects", "..\FrontierVOps.Data\FrontierVOps.Data.Objects\FrontierVOps.Data.Objects.csproj", "{A15C34D5-112E-4534-82EF-FB5A5C73CF8C}"
EndProject
Global
	GlobalSection(SolutionConfigurationPlatforms) = preSolution
		Debug|Any CPU = Debug|Any CPU
		Debug|Mixed Platforms = Debug|Mixed Platforms
		Debug|x86 = Debug|x86
		Release|Any CPU = Release|Any CPU
		Release|Mixed Platforms = Release|Mixed Platforms
		Release|x86 = Release|x86
	EndGlobalSection
	GlobalSection(ProjectConfigurationPlatforms) = postSolution
		{7DDC402B-E9B3-41F9-9B67-79315D4C3730}.Debug|Any CPU.ActiveCfg = Debug|Any CPU
		{7DDC402B-E9B3-41F9-9B67-79315D4C3730}.Debug|Any CPU.Build.0 = Debug|Any CPU
		{7DDC402B-E9B3-41F9-9B67-79315D4C3730}.Debug|Mixed Platforms.ActiveCfg = Debug|Any CPU
		{7DDC402B-E9B3-41F9-9B67-79315D4C3730}.Debug|Mixed Platforms.Build.0 = Debug|Any CPU
		{7DDC402B-E9B3-41F9-9B67-79315D4C3730}.Debug|x86.ActiveCfg = Debug|Any CPU
		{7DDC402B-E9B3-41F9-9B67-79315D4C3730}.Release|Any CPU.ActiveCfg = Release|Any CPU
		{7DDC402B-E9B3-41F9-9B67-79315D4C3730}.Release|Any CPU.Build.0 = Release|Any CPU
		{7DDC402B-E9B3-41F9-9B67-79315D4C3730}.Release|Mixed Platforms.ActiveCfg = Release|Any CPU
		{7DDC402B-E9B3-41F9-9B67-79315D4C3730}.Release|Mixed Platforms.Build.0 = Release|Any CPU
		{7DDC402B-E9B3-41F9-9B67-79315D4C3730}.Release|x86.ActiveCfg = Release|Any CPU
		{DD1DBDF9-AF22-47A7-B393-E92FB7ECF518}.Debug|Any CPU.ActiveCfg = Debug|Any CPU
		{DD1DBDF9-AF22-47A7-B393-E92FB7ECF518}.Debug|Any CPU.Build.0 = Debug|Any CPU
		{DD1DBDF9-AF22-47A7-B393-E92FB7ECF518}.Debug|Mixed Platforms.ActiveCfg = Debug|Any CPU
		{DD1DBDF9-AF22-47A7-B393-E92FB7ECF518}.Debug|Mixed Platforms.Build.0 = Debug|Any CPU
		{DD1DBDF9-AF22-47A7-B393-E92FB7ECF518}.Debug|x86.ActiveCfg = Debug|Any CPU
		{DD1DBDF9-AF22-47A7-B393-E92FB7ECF518}.Release|Any CPU.ActiveCfg = Release|Any CPU
		{DD1DBDF9-AF22-47A7-B393-E92FB7ECF518}.Release|Any CPU.Build.0 = Release|Any CPU
		{DD1DBDF9-AF22-47A7-B393-E92FB7ECF518}.Release|Mixed Platforms.ActiveCfg = Release|Any CPU
		{DD1DBDF9-AF22-47A7-B393-E92FB7ECF518}.Release|Mixed Platforms.Build.0 = Release|Any CPU
		{DD1DBDF9-AF22-47A7-B393-E92FB7ECF518}.Release|x86.ActiveCfg = Release|Any CPU
		{E3F1FDDC-72A4-46DF-B83C-19871BE6C1A9}.Debug|Any CPU.ActiveCfg = Debug|Any CPU
		{E3F1FDDC-72A4-46DF-B83C-19871BE6C1A9}.Debug|Any CPU.Build.0 = Debug|Any CPU
		{E3F1FDDC-72A4-46DF-B83C-19871BE6C1A9}.Debug|Mixed Platforms.ActiveCfg = Debug|Any CPU
		{E3F1FDDC-72A4-46DF-B83C-19871BE6C1A9}.Debug|Mixed Platforms.Build.0 = Debug|Any CPU
		{E3F1FDDC-72A4-46DF-B83C-19871BE6C1A9}.Debug|x86.ActiveCfg = Debug|Any CPU
		{E3F1FDDC-72A4-46DF-B83C-19871BE6C1A9}.Release|Any CPU.ActiveCfg = Release|Any CPU
		{E3F1FDDC-72A4-46DF-B83C-19871BE6C1A9}.Release|Any CPU.Build.0 = Release|Any CPU
		{E3F1FDDC-72A4-46DF-B83C-19871BE6C1A9}.Release|Mixed Platforms.ActiveCfg = Release|Any CPU
		{E3F1FDDC-72A4-46DF-B83C-19871BE6C1A9}.Release|Mixed Platforms.Build.0 = Release|Any CPU
		{E3F1FDDC-72A4-46DF-B83C-19871BE6C1A9}.Release|x86.ActiveCfg = Release|Any CPU
		{2791D577-7FE8-40E6-B10C-3493543542A1}.Debug|Any CPU.ActiveCfg = Debug|Any CPU
		{2791D577-7FE8-40E6-B10C-3493543542A1}.Debug|Any CPU.Build.0 = Debug|Any CPU
		{2791D577-7FE8-40E6-B10C-3493543542A1}.Debug|Mixed Platforms.ActiveCfg = Debug|Any CPU
		{2791D577-7FE8-40E6-B10C-3493543542A1}.Debug|Mixed Platforms.Build.0 = Debug|Any CPU
		{2791D577-7FE8-40E6-B10C-3493543542A1}.Debug|x86.ActiveCfg = Debug|Any CPU
		{2791D577-7FE8-40E6-B10C-3493543542A1}.Release|Any CPU.ActiveCfg = Release|Any CPU
		{2791D577-7FE8-40E6-B10C-3493543542A1}.Release|Any CPU.Build.0 = Release|Any CPU
		{2791D577-7FE8-40E6-B10C-3493543542A1}.Release|Mixed Platforms.ActiveCfg = Release|Any CPU
		{2791D577-7FE8-40E6-B10C-3493543542A1}.Release|Mixed Platforms.Build.0 = Release|Any CPU
		{2791D577-7FE8-40E6-B10C-3493543542A1}.Release|x86.ActiveCfg = Release|Any CPU
		{B4F4072E-3EF1-418C-A271-98CF32F04E90}.Debug|Any CPU.ActiveCfg = Debug|Any CPU
		{B4F4072E-3EF1-418C-A271-98CF32F04E90}.Debug|Any CPU.Build.0 = Debug|Any CPU
		{B4F4072E-3EF1-418C-A271-98CF32F04E90}.Debug|Mixed Platforms.ActiveCfg = Debug|Any CPU
		{B4F4072E-3EF1-418C-A271-98CF32F04E90}.Debug|Mixed Platforms.Build.0 = Debug|Any CPU
		{B4F4072E-3EF1-418C-A271-98CF32F04E90}.Debug|x86.ActiveCfg = Debug|Any CPU
		{B4F4072E-3EF1-418C-A271-98CF32F04E90}.Release|Any CPU.ActiveCfg = Release|Any CPU
		{B4F4072E-3EF1-418C-A271-98CF32F04E90}.Release|Any CPU.Build.0 = Release|Any CPU
		{B4F4072E-3EF1-418C-A271-98CF32F04E90}.Release|Mixed Platforms.ActiveCfg = Release|Any CPU
		{B4F4072E-3EF1-418C-A271-98CF32F04E90}.Release|Mixed Platforms.Build.0 = Release|Any CPU
		{B4F4072E-3EF1-418C-A271-98CF32F04E90}.Release|x86.ActiveCfg = Release|Any CPU
		{A15C34D5-112E-4534-82EF-FB5A5C73CF8C}.Debug|Any CPU.ActiveCfg = Debug|Any CPU
		{A15C34D5-112E-4534-82EF-FB5A5C73CF8C}.Debug|Any CPU.Build.0 = Debug|Any CPU
		{A15C34D5-112E-4534-82EF-FB5A5C73CF8C}.Debug|Mixed Platforms.ActiveCfg = Debug|Any CPU
		{A15C34D5-112E-4534-82EF-FB5A5C73CF8C}.Debug|Mixed Platforms.Build.0 = Debug|Any CPU
		{A15C34D5-112E-4534-82EF-FB5A5C73CF8C}.Debug|x86.ActiveCfg = Debug|Any CPU
		{A15C34D5-112E-4534-82EF-FB5A5C73CF8C}.Release|Any CPU.ActiveCfg = Release|Any CPU
		{A15C34D5-112E-4534-82EF-FB5A5C73CF8C}.Release|Any CPU.Build.0 = Release|Any CPU
		{A15C34D5-112E-4534-82EF-FB5A5C73CF8C}.Release|Mixed Platforms.ActiveCfg = Release|Any CPU
		{A15C34D5-112E-4534-82EF-FB5A5C73CF8C}.Release|Mixed Platforms.Build.0 = Release|Any CPU
		{A15C34D5-112E-4534-82EF-FB5A5C73CF8C}.Release|x86.ActiveCfg = Release|Any CPU
	EndGlobalSection
	GlobalSection(SolutionProperties) = preSolution
		HideSolutionNode = FALSE
	EndGlobalSection
EndGlobal
